
Microsoft Visual Studio Solution File, Format Version 12.00
# Visual Studio 15
VisualStudioVersion = 15.0.28307.705
MinimumVisualStudioVersion = 10.0.40219.1
Project("{FAE04EC0-301F-11D3-BF4B-00C04F79EFBC}") = "Caesar_Encrypt", "Caesar_Encrypt\Caesar_Encrypt.csproj", "{3C8BFF06-A585-4673-BF45-A24C6195E32E}"
EndProject
Global
	GlobalSection(SolutionConfigurationPlatforms) = preSolution
		Debug|Any CPU = Debug|Any CPU
		Release|Any CPU = Release|Any CPU
	EndGlobalSection
	GlobalSection(ProjectConfigurationPlatforms) = postSolution
		{3C8BFF06-A585-4673-BF45-A24C6195E32E}.Debug|Any CPU.ActiveCfg = Debug|Any CPU
		{3C8BFF06-A585-4673-BF45-A24C6195E32E}.Debug|Any CPU.Build.0 = Debug|Any CPU
		{3C8BFF06-A585-4673-BF45-A24C6195E32E}.Release|Any CPU.ActiveCfg = Release|Any CPU
		{3C8BFF06-A585-4673-BF45-A24C6195E32E}.Release|Any CPU.Build.0 = Release|Any CPU
	EndGlobalSection
	GlobalSection(SolutionProperties) = preSolution
		HideSolutionNode = FALSE
	EndGlobalSection
	GlobalSection(ExtensibilityGlobals) = postSolution
		SolutionGuid = {B5CE9771-8080-41E4-9350-91175F07FB06}
	EndGlobalSection
EndGlobal
